// !$*UTF8*$!
{
	archiveVersion = 1;
	classes = {
	};
	objectVersion = 46;
	objects = {

/* Begin PBXBuildFile section */
		070495921E4D43EB00270BA9 /* EffectParameter.cpp in Sources */ = {isa = PBXBuildFile; fileRef = 070495901E4D43EB00270BA9 /* EffectParameter.cpp */; };
		070495951E4D46B200270BA9 /* EffectRegistry.cpp in Sources */ = {isa = PBXBuildFile; fileRef = 070495931E4D46B200270BA9 /* EffectRegistry.cpp */; };
		074E3BF81E4A8E9C0077BF8D /* DripEffect.cpp in Sources */ = {isa = PBXBuildFile; fileRef = 074E3BF61E4A8E9C0077BF8D /* DripEffect.cpp */; };
		0789DE0E1E3814A2006F4C65 /* LanternState.cpp in Sources */ = {isa = PBXBuildFile; fileRef = 0789DE0C1E3814A2006F4C65 /* LanternState.cpp */; };
		0789DE111E3817C6006F4C65 /* LanternEffect.cpp in Sources */ = {isa = PBXBuildFile; fileRef = 0789DE0F1E3817C6006F4C65 /* LanternEffect.cpp */; };
		0789DE141E395F82006F4C65 /* JsonConversions.cpp in Sources */ = {isa = PBXBuildFile; fileRef = 0789DE121E395F82006F4C65 /* JsonConversions.cpp */; };
		07A97AEF1E45305000034474 /* LanternMixer.cpp in Sources */ = {isa = PBXBuildFile; fileRef = 07A97AED1E45305000034474 /* LanternMixer.cpp */; };
		07E673F21E2D63950040ECD3 /* main.cpp in Sources */ = {isa = PBXBuildFile; fileRef = 07E673F11E2D63950040ECD3 /* main.cpp */; };
		07E674231E2D63C10040ECD3 /* README.md in Sources */ = {isa = PBXBuildFile; fileRef = 07E6740D1E2D63C10040ECD3 /* README.md */; };
		07E674241E2D63C10040ECD3 /* README.md in Sources */ = {isa = PBXBuildFile; fileRef = 07E674101E2D63C10040ECD3 /* README.md */; };
		07E674281E2D65B60040ECD3 /* Makefile in Sources */ = {isa = PBXBuildFile; fileRef = 07E674271E2D65B60040ECD3 /* Makefile */; };
		07E674291E2D65BC0040ECD3 /* layout.json in CopyFiles */ = {isa = PBXBuildFile; fileRef = 07E674251E2D65B60040ECD3 /* layout.json */; };
		07E6742C1E2D7D690040ECD3 /* LampEffect.cpp in Sources */ = {isa = PBXBuildFile; fileRef = 07E6742A1E2D7D690040ECD3 /* LampEffect.cpp */; };
		07E674311E2DD78F0040ECD3 /* RippleEffect.cpp in Sources */ = {isa = PBXBuildFile; fileRef = 07E6742F1E2DD78F0040ECD3 /* RippleEffect.cpp */; };
		07E674A91E2F0ECD0040ECD3 /* LanternServer.cpp in Sources */ = {isa = PBXBuildFile; fileRef = 07E674A71E2F0ECD0040ECD3 /* LanternServer.cpp */; };
/* End PBXBuildFile section */

/* Begin PBXCopyFilesBuildPhase section */
		07E673EC1E2D63950040ECD3 /* CopyFiles */ = {
			isa = PBXCopyFilesBuildPhase;
			buildActionMask = 12;
			dstPath = "";
			dstSubfolderSpec = 6;
			files = (
				07E674291E2D65BC0040ECD3 /* layout.json in CopyFiles */,
			);
			runOnlyForDeploymentPostprocessing = 0;
		};
/* End PBXCopyFilesBuildPhase section */

/* Begin PBXFileReference section */
		070495901E4D43EB00270BA9 /* EffectParameter.cpp */ = {isa = PBXFileReference; fileEncoding = 4; lastKnownFileType = sourcecode.cpp.cpp; path = EffectParameter.cpp; sourceTree = "<group>"; };
		070495911E4D43EB00270BA9 /* EffectParameter.hpp */ = {isa = PBXFileReference; fileEncoding = 4; lastKnownFileType = sourcecode.cpp.h; path = EffectParameter.hpp; sourceTree = "<group>"; };
		070495931E4D46B200270BA9 /* EffectRegistry.cpp */ = {isa = PBXFileReference; fileEncoding = 4; lastKnownFileType = sourcecode.cpp.cpp; path = EffectRegistry.cpp; sourceTree = "<group>"; };
		070495941E4D46B200270BA9 /* EffectRegistry.hpp */ = {isa = PBXFileReference; fileEncoding = 4; lastKnownFileType = sourcecode.cpp.h; path = EffectRegistry.hpp; sourceTree = "<group>"; };
		074E3BF61E4A8E9C0077BF8D /* DripEffect.cpp */ = {isa = PBXFileReference; fileEncoding = 4; lastKnownFileType = sourcecode.cpp.cpp; path = DripEffect.cpp; sourceTree = "<group>"; };
		074E3BF71E4A8E9C0077BF8D /* DripEffect.hpp */ = {isa = PBXFileReference; fileEncoding = 4; lastKnownFileType = sourcecode.cpp.h; path = DripEffect.hpp; sourceTree = "<group>"; };
		0789DE0C1E3814A2006F4C65 /* LanternState.cpp */ = {isa = PBXFileReference; fileEncoding = 4; lastKnownFileType = sourcecode.cpp.cpp; path = LanternState.cpp; sourceTree = "<group>"; };
		0789DE0D1E3814A2006F4C65 /* LanternState.hpp */ = {isa = PBXFileReference; fileEncoding = 4; lastKnownFileType = sourcecode.cpp.h; path = LanternState.hpp; sourceTree = "<group>"; };
		0789DE0F1E3817C6006F4C65 /* LanternEffect.cpp */ = {isa = PBXFileReference; fileEncoding = 4; lastKnownFileType = sourcecode.cpp.cpp; path = LanternEffect.cpp; sourceTree = "<group>"; };
		0789DE101E3817C6006F4C65 /* LanternEffect.hpp */ = {isa = PBXFileReference; fileEncoding = 4; lastKnownFileType = sourcecode.cpp.h; path = LanternEffect.hpp; sourceTree = "<group>"; };
		0789DE121E395F82006F4C65 /* JsonConversions.cpp */ = {isa = PBXFileReference; fileEncoding = 4; lastKnownFileType = sourcecode.cpp.cpp; path = JsonConversions.cpp; sourceTree = "<group>"; };
		0789DE131E395F82006F4C65 /* JsonConversions.hpp */ = {isa = PBXFileReference; fileEncoding = 4; lastKnownFileType = sourcecode.cpp.h; path = JsonConversions.hpp; sourceTree = "<group>"; };
		0789DE151E396C58006F4C65 /* json.hpp */ = {isa = PBXFileReference; lastKnownFileType = sourcecode.cpp.h; path = json.hpp; sourceTree = "<group>"; };
		07A97AED1E45305000034474 /* LanternMixer.cpp */ = {isa = PBXFileReference; fileEncoding = 4; lastKnownFileType = sourcecode.cpp.cpp; path = LanternMixer.cpp; sourceTree = "<group>"; };
		07A97AEE1E45305000034474 /* LanternMixer.hpp */ = {isa = PBXFileReference; fileEncoding = 4; lastKnownFileType = sourcecode.cpp.h; path = LanternMixer.hpp; sourceTree = "<group>"; };
		07E673EE1E2D63950040ECD3 /* lantern-server */ = {isa = PBXFileReference; explicitFileType = "compiled.mach-o.executable"; includeInIndex = 0; path = "lantern-server"; sourceTree = BUILT_PRODUCTS_DIR; };
		07E673F11E2D63950040ECD3 /* main.cpp */ = {isa = PBXFileReference; lastKnownFileType = sourcecode.cpp.cpp; path = main.cpp; sourceTree = "<group>"; };
		07E673F91E2D63C10040ECD3 /* brightness.h */ = {isa = PBXFileReference; fileEncoding = 4; lastKnownFileType = sourcecode.c.h; path = brightness.h; sourceTree = "<group>"; };
		07E673FA1E2D63C10040ECD3 /* color.h */ = {isa = PBXFileReference; fileEncoding = 4; lastKnownFileType = sourcecode.c.h; path = color.h; sourceTree = "<group>"; };
		07E673FB1E2D63C10040ECD3 /* effect.h */ = {isa = PBXFileReference; fileEncoding = 4; lastKnownFileType = sourcecode.c.h; path = effect.h; sourceTree = "<group>"; };
		07E673FC1E2D63C10040ECD3 /* effect_mixer.h */ = {isa = PBXFileReference; fileEncoding = 4; lastKnownFileType = sourcecode.c.h; path = effect_mixer.h; sourceTree = "<group>"; };
		07E673FD1E2D63C10040ECD3 /* effect_runner.h */ = {isa = PBXFileReference; fileEncoding = 4; lastKnownFileType = sourcecode.c.h; path = effect_runner.h; sourceTree = "<group>"; };
		07E673FE1E2D63C10040ECD3 /* nanoflann.h */ = {isa = PBXFileReference; fileEncoding = 4; lastKnownFileType = sourcecode.c.h; path = nanoflann.h; sourceTree = "<group>"; };
		07E673FF1E2D63C10040ECD3 /* noise.h */ = {isa = PBXFileReference; fileEncoding = 4; lastKnownFileType = sourcecode.c.h; path = noise.h; sourceTree = "<group>"; };
		07E674001E2D63C10040ECD3 /* opc_client.h */ = {isa = PBXFileReference; fileEncoding = 4; lastKnownFileType = sourcecode.c.h; path = opc_client.h; sourceTree = "<group>"; };
		07E674011E2D63C10040ECD3 /* particle.h */ = {isa = PBXFileReference; fileEncoding = 4; lastKnownFileType = sourcecode.c.h; path = particle.h; sourceTree = "<group>"; };
		07E674021E2D63C10040ECD3 /* picopng.h */ = {isa = PBXFileReference; fileEncoding = 4; lastKnownFileType = sourcecode.c.h; path = picopng.h; sourceTree = "<group>"; };
		07E674041E2D63C10040ECD3 /* document.h */ = {isa = PBXFileReference; fileEncoding = 4; lastKnownFileType = sourcecode.c.h; path = document.h; sourceTree = "<group>"; };
		07E674051E2D63C10040ECD3 /* filestream.h */ = {isa = PBXFileReference; fileEncoding = 4; lastKnownFileType = sourcecode.c.h; path = filestream.h; sourceTree = "<group>"; };
		07E674071E2D63C10040ECD3 /* pow10.h */ = {isa = PBXFileReference; fileEncoding = 4; lastKnownFileType = sourcecode.c.h; path = pow10.h; sourceTree = "<group>"; };
		07E674081E2D63C10040ECD3 /* stack.h */ = {isa = PBXFileReference; fileEncoding = 4; lastKnownFileType = sourcecode.c.h; path = stack.h; sourceTree = "<group>"; };
		07E674091E2D63C10040ECD3 /* strfunc.h */ = {isa = PBXFileReference; fileEncoding = 4; lastKnownFileType = sourcecode.c.h; path = strfunc.h; sourceTree = "<group>"; };
		07E6740A1E2D63C10040ECD3 /* prettywriter.h */ = {isa = PBXFileReference; fileEncoding = 4; lastKnownFileType = sourcecode.c.h; path = prettywriter.h; sourceTree = "<group>"; };
		07E6740B1E2D63C10040ECD3 /* rapidjson.h */ = {isa = PBXFileReference; fileEncoding = 4; lastKnownFileType = sourcecode.c.h; path = rapidjson.h; sourceTree = "<group>"; };
		07E6740C1E2D63C10040ECD3 /* reader.h */ = {isa = PBXFileReference; fileEncoding = 4; lastKnownFileType = sourcecode.c.h; path = reader.h; sourceTree = "<group>"; };
		07E6740D1E2D63C10040ECD3 /* README.md */ = {isa = PBXFileReference; fileEncoding = 4; lastKnownFileType = net.daringfireball.markdown; path = README.md; sourceTree = "<group>"; };
		07E6740E1E2D63C10040ECD3 /* stringbuffer.h */ = {isa = PBXFileReference; fileEncoding = 4; lastKnownFileType = sourcecode.c.h; path = stringbuffer.h; sourceTree = "<group>"; };
		07E6740F1E2D63C10040ECD3 /* writer.h */ = {isa = PBXFileReference; fileEncoding = 4; lastKnownFileType = sourcecode.c.h; path = writer.h; sourceTree = "<group>"; };
		07E674101E2D63C10040ECD3 /* README.md */ = {isa = PBXFileReference; fileEncoding = 4; lastKnownFileType = net.daringfireball.markdown; path = README.md; sourceTree = "<group>"; };
		07E674121E2D63C10040ECD3 /* Basics.h */ = {isa = PBXFileReference; fileEncoding = 4; lastKnownFileType = sourcecode.c.h; path = Basics.h; sourceTree = "<group>"; };
		07E674131E2D63C10040ECD3 /* Constants.h */ = {isa = PBXFileReference; fileEncoding = 4; lastKnownFileType = sourcecode.c.h; path = Constants.h; sourceTree = "<group>"; };
		07E674141E2D63C10040ECD3 /* LICENSE */ = {isa = PBXFileReference; fileEncoding = 4; lastKnownFileType = text; path = LICENSE; sourceTree = "<group>"; };
		07E674151E2D63C10040ECD3 /* Mat.h */ = {isa = PBXFileReference; fileEncoding = 4; lastKnownFileType = sourcecode.c.h; path = Mat.h; sourceTree = "<group>"; };
		07E674161E2D63C10040ECD3 /* Mat2.h */ = {isa = PBXFileReference; fileEncoding = 4; lastKnownFileType = sourcecode.c.h; path = Mat2.h; sourceTree = "<group>"; };
		07E674171E2D63C10040ECD3 /* Mat3.h */ = {isa = PBXFileReference; fileEncoding = 4; lastKnownFileType = sourcecode.c.h; path = Mat3.h; sourceTree = "<group>"; };
		07E674181E2D63C10040ECD3 /* Mat4.h */ = {isa = PBXFileReference; fileEncoding = 4; lastKnownFileType = sourcecode.c.h; path = Mat4.h; sourceTree = "<group>"; };
		07E674191E2D63C10040ECD3 /* README */ = {isa = PBXFileReference; fileEncoding = 4; lastKnownFileType = text; path = README; sourceTree = "<group>"; };
		07E6741A1E2D63C10040ECD3 /* SVL.h */ = {isa = PBXFileReference; fileEncoding = 4; lastKnownFileType = sourcecode.c.h; path = SVL.h; sourceTree = "<group>"; };
		07E6741B1E2D63C10040ECD3 /* Transform.h */ = {isa = PBXFileReference; fileEncoding = 4; lastKnownFileType = sourcecode.c.h; path = Transform.h; sourceTree = "<group>"; };
		07E6741C1E2D63C10040ECD3 /* Utils.h */ = {isa = PBXFileReference; fileEncoding = 4; lastKnownFileType = sourcecode.c.h; path = Utils.h; sourceTree = "<group>"; };
		07E6741D1E2D63C10040ECD3 /* Vec.h */ = {isa = PBXFileReference; fileEncoding = 4; lastKnownFileType = sourcecode.c.h; path = Vec.h; sourceTree = "<group>"; };
		07E6741E1E2D63C10040ECD3 /* Vec2.h */ = {isa = PBXFileReference; fileEncoding = 4; lastKnownFileType = sourcecode.c.h; path = Vec2.h; sourceTree = "<group>"; };
		07E6741F1E2D63C10040ECD3 /* Vec3.h */ = {isa = PBXFileReference; fileEncoding = 4; lastKnownFileType = sourcecode.c.h; path = Vec3.h; sourceTree = "<group>"; };
		07E674201E2D63C10040ECD3 /* Vec4.h */ = {isa = PBXFileReference; fileEncoding = 4; lastKnownFileType = sourcecode.c.h; path = Vec4.h; sourceTree = "<group>"; };
		07E674211E2D63C10040ECD3 /* texture.h */ = {isa = PBXFileReference; fileEncoding = 4; lastKnownFileType = sourcecode.c.h; path = texture.h; sourceTree = "<group>"; };
		07E674221E2D63C10040ECD3 /* tinythread.h */ = {isa = PBXFileReference; fileEncoding = 4; lastKnownFileType = sourcecode.c.h; path = tinythread.h; sourceTree = "<group>"; };
		07E674251E2D65B60040ECD3 /* layout.json */ = {isa = PBXFileReference; fileEncoding = 4; lastKnownFileType = text.json; path = layout.json; sourceTree = SOURCE_ROOT; };
		07E674261E2D65B60040ECD3 /* make-layout.js */ = {isa = PBXFileReference; fileEncoding = 4; lastKnownFileType = sourcecode.javascript; path = "make-layout.js"; sourceTree = SOURCE_ROOT; };
		07E674271E2D65B60040ECD3 /* Makefile */ = {isa = PBXFileReference; fileEncoding = 4; lastKnownFileType = sourcecode.make; name = Makefile; path = lantern/Makefile; sourceTree = SOURCE_ROOT; };
		07E6742A1E2D7D690040ECD3 /* LampEffect.cpp */ = {isa = PBXFileReference; fileEncoding = 4; lastKnownFileType = sourcecode.cpp.cpp; path = LampEffect.cpp; sourceTree = "<group>"; };
		07E6742B1E2D7D690040ECD3 /* LampEffect.hpp */ = {isa = PBXFileReference; fileEncoding = 4; lastKnownFileType = sourcecode.cpp.h; path = LampEffect.hpp; sourceTree = "<group>"; };
		07E6742D1E2D87320040ECD3 /* CheckerCubeIds.h */ = {isa = PBXFileReference; lastKnownFileType = sourcecode.c.h; path = CheckerCubeIds.h; sourceTree = "<group>"; };
		07E6742E1E2D8DE80040ECD3 /* Mode.h */ = {isa = PBXFileReference; lastKnownFileType = sourcecode.c.h; path = Mode.h; sourceTree = "<group>"; };
		07E6742F1E2DD78F0040ECD3 /* RippleEffect.cpp */ = {isa = PBXFileReference; fileEncoding = 4; lastKnownFileType = sourcecode.cpp.cpp; path = RippleEffect.cpp; sourceTree = "<group>"; };
		07E674301E2DD78F0040ECD3 /* RippleEffect.hpp */ = {isa = PBXFileReference; fileEncoding = 4; lastKnownFileType = sourcecode.cpp.h; path = RippleEffect.hpp; sourceTree = "<group>"; };
		07E674341E2F0D560040ECD3 /* base64.hpp */ = {isa = PBXFileReference; fileEncoding = 4; lastKnownFileType = sourcecode.cpp.h; path = base64.hpp; sourceTree = "<group>"; };
		07E674351E2F0D560040ECD3 /* client.hpp */ = {isa = PBXFileReference; fileEncoding = 4; lastKnownFileType = sourcecode.cpp.h; path = client.hpp; sourceTree = "<group>"; };
		07E674361E2F0D560040ECD3 /* close.hpp */ = {isa = PBXFileReference; fileEncoding = 4; lastKnownFileType = sourcecode.cpp.h; path = close.hpp; sourceTree = "<group>"; };
		07E674371E2F0D560040ECD3 /* CMakeLists.txt */ = {isa = PBXFileReference; fileEncoding = 4; lastKnownFileType = text; path = CMakeLists.txt; sourceTree = "<group>"; };
		07E674391E2F0D560040ECD3 /* asio.hpp */ = {isa = PBXFileReference; fileEncoding = 4; lastKnownFileType = sourcecode.cpp.h; path = asio.hpp; sourceTree = "<group>"; };
		07E6743A1E2F0D560040ECD3 /* asio_ssl.hpp */ = {isa = PBXFileReference; fileEncoding = 4; lastKnownFileType = sourcecode.cpp.h; path = asio_ssl.hpp; sourceTree = "<group>"; };
		07E6743B1E2F0D560040ECD3 /* chrono.hpp */ = {isa = PBXFileReference; fileEncoding = 4; lastKnownFileType = sourcecode.cpp.h; path = chrono.hpp; sourceTree = "<group>"; };
		07E6743C1E2F0D560040ECD3 /* connection_hdl.hpp */ = {isa = PBXFileReference; fileEncoding = 4; lastKnownFileType = sourcecode.cpp.h; path = connection_hdl.hpp; sourceTree = "<group>"; };
		07E6743D1E2F0D560040ECD3 /* cpp11.hpp */ = {isa = PBXFileReference; fileEncoding = 4; lastKnownFileType = sourcecode.cpp.h; path = cpp11.hpp; sourceTree = "<group>"; };
		07E6743E1E2F0D560040ECD3 /* functional.hpp */ = {isa = PBXFileReference; fileEncoding = 4; lastKnownFileType = sourcecode.cpp.h; path = functional.hpp; sourceTree = "<group>"; };
		07E6743F1E2F0D560040ECD3 /* md5.hpp */ = {isa = PBXFileReference; fileEncoding = 4; lastKnownFileType = sourcecode.cpp.h; path = md5.hpp; sourceTree = "<group>"; };
		07E674401E2F0D560040ECD3 /* memory.hpp */ = {isa = PBXFileReference; fileEncoding = 4; lastKnownFileType = sourcecode.cpp.h; path = memory.hpp; sourceTree = "<group>"; };
		07E674411E2F0D560040ECD3 /* network.hpp */ = {isa = PBXFileReference; fileEncoding = 4; lastKnownFileType = sourcecode.cpp.h; path = network.hpp; sourceTree = "<group>"; };
		07E674421E2F0D560040ECD3 /* platforms.hpp */ = {isa = PBXFileReference; fileEncoding = 4; lastKnownFileType = sourcecode.cpp.h; path = platforms.hpp; sourceTree = "<group>"; };
		07E674431E2F0D560040ECD3 /* random.hpp */ = {isa = PBXFileReference; fileEncoding = 4; lastKnownFileType = sourcecode.cpp.h; path = random.hpp; sourceTree = "<group>"; };
		07E674441E2F0D560040ECD3 /* regex.hpp */ = {isa = PBXFileReference; fileEncoding = 4; lastKnownFileType = sourcecode.cpp.h; path = regex.hpp; sourceTree = "<group>"; };
		07E674451E2F0D560040ECD3 /* stdint.hpp */ = {isa = PBXFileReference; fileEncoding = 4; lastKnownFileType = sourcecode.cpp.h; path = stdint.hpp; sourceTree = "<group>"; };
		07E674461E2F0D560040ECD3 /* system_error.hpp */ = {isa = PBXFileReference; fileEncoding = 4; lastKnownFileType = sourcecode.cpp.h; path = system_error.hpp; sourceTree = "<group>"; };
		07E674471E2F0D560040ECD3 /* thread.hpp */ = {isa = PBXFileReference; fileEncoding = 4; lastKnownFileType = sourcecode.cpp.h; path = thread.hpp; sourceTree = "<group>"; };
		07E674481E2F0D560040ECD3 /* time.hpp */ = {isa = PBXFileReference; fileEncoding = 4; lastKnownFileType = sourcecode.cpp.h; path = time.hpp; sourceTree = "<group>"; };
		07E674491E2F0D560040ECD3 /* type_traits.hpp */ = {isa = PBXFileReference; fileEncoding = 4; lastKnownFileType = sourcecode.cpp.h; path = type_traits.hpp; sourceTree = "<group>"; };
		07E6744B1E2F0D560040ECD3 /* basic.hpp */ = {isa = PBXFileReference; fileEncoding = 4; lastKnownFileType = sourcecode.cpp.h; path = basic.hpp; sourceTree = "<group>"; };
		07E6744C1E2F0D560040ECD3 /* none.hpp */ = {isa = PBXFileReference; fileEncoding = 4; lastKnownFileType = sourcecode.cpp.h; path = none.hpp; sourceTree = "<group>"; };
		07E6744E1E2F0D560040ECD3 /* asio.hpp */ = {isa = PBXFileReference; fileEncoding = 4; lastKnownFileType = sourcecode.cpp.h; path = asio.hpp; sourceTree = "<group>"; };
		07E6744F1E2F0D560040ECD3 /* asio_client.hpp */ = {isa = PBXFileReference; fileEncoding = 4; lastKnownFileType = sourcecode.cpp.h; path = asio_client.hpp; sourceTree = "<group>"; };
		07E674501E2F0D560040ECD3 /* asio_no_tls.hpp */ = {isa = PBXFileReference; fileEncoding = 4; lastKnownFileType = sourcecode.cpp.h; path = asio_no_tls.hpp; sourceTree = "<group>"; };
		07E674511E2F0D560040ECD3 /* asio_no_tls_client.hpp */ = {isa = PBXFileReference; fileEncoding = 4; lastKnownFileType = sourcecode.cpp.h; path = asio_no_tls_client.hpp; sourceTree = "<group>"; };
		07E674521E2F0D560040ECD3 /* boost_config.hpp */ = {isa = PBXFileReference; fileEncoding = 4; lastKnownFileType = sourcecode.cpp.h; path = boost_config.hpp; sourceTree = "<group>"; };
		07E674531E2F0D560040ECD3 /* core.hpp */ = {isa = PBXFileReference; fileEncoding = 4; lastKnownFileType = sourcecode.cpp.h; path = core.hpp; sourceTree = "<group>"; };
		07E674541E2F0D560040ECD3 /* core_client.hpp */ = {isa = PBXFileReference; fileEncoding = 4; lastKnownFileType = sourcecode.cpp.h; path = core_client.hpp; sourceTree = "<group>"; };
		07E674551E2F0D560040ECD3 /* debug.hpp */ = {isa = PBXFileReference; fileEncoding = 4; lastKnownFileType = sourcecode.cpp.h; path = debug.hpp; sourceTree = "<group>"; };
		07E674561E2F0D560040ECD3 /* debug_asio.hpp */ = {isa = PBXFileReference; fileEncoding = 4; lastKnownFileType = sourcecode.cpp.h; path = debug_asio.hpp; sourceTree = "<group>"; };
		07E674571E2F0D560040ECD3 /* debug_asio_no_tls.hpp */ = {isa = PBXFileReference; fileEncoding = 4; lastKnownFileType = sourcecode.cpp.h; path = debug_asio_no_tls.hpp; sourceTree = "<group>"; };
		07E674581E2F0D560040ECD3 /* minimal_client.hpp */ = {isa = PBXFileReference; fileEncoding = 4; lastKnownFileType = sourcecode.cpp.h; path = minimal_client.hpp; sourceTree = "<group>"; };
		07E674591E2F0D560040ECD3 /* minimal_server.hpp */ = {isa = PBXFileReference; fileEncoding = 4; lastKnownFileType = sourcecode.cpp.h; path = minimal_server.hpp; sourceTree = "<group>"; };
		07E6745A1E2F0D560040ECD3 /* connection.hpp */ = {isa = PBXFileReference; fileEncoding = 4; lastKnownFileType = sourcecode.cpp.h; path = connection.hpp; sourceTree = "<group>"; };
		07E6745B1E2F0D560040ECD3 /* connection_base.hpp */ = {isa = PBXFileReference; fileEncoding = 4; lastKnownFileType = sourcecode.cpp.h; path = connection_base.hpp; sourceTree = "<group>"; };
		07E6745C1E2F0D560040ECD3 /* endpoint.hpp */ = {isa = PBXFileReference; fileEncoding = 4; lastKnownFileType = sourcecode.cpp.h; path = endpoint.hpp; sourceTree = "<group>"; };
		07E6745D1E2F0D560040ECD3 /* endpoint_base.hpp */ = {isa = PBXFileReference; fileEncoding = 4; lastKnownFileType = sourcecode.cpp.h; path = endpoint_base.hpp; sourceTree = "<group>"; };
		07E6745E1E2F0D560040ECD3 /* error.hpp */ = {isa = PBXFileReference; fileEncoding = 4; lastKnownFileType = sourcecode.cpp.h; path = error.hpp; sourceTree = "<group>"; };
		07E674601E2F0D560040ECD3 /* extension.hpp */ = {isa = PBXFileReference; fileEncoding = 4; lastKnownFileType = sourcecode.cpp.h; path = extension.hpp; sourceTree = "<group>"; };
		07E674621E2F0D560040ECD3 /* disabled.hpp */ = {isa = PBXFileReference; fileEncoding = 4; lastKnownFileType = sourcecode.cpp.h; path = disabled.hpp; sourceTree = "<group>"; };
		07E674631E2F0D560040ECD3 /* enabled.hpp */ = {isa = PBXFileReference; fileEncoding = 4; lastKnownFileType = sourcecode.cpp.h; path = enabled.hpp; sourceTree = "<group>"; };
		07E674641E2F0D560040ECD3 /* frame.hpp */ = {isa = PBXFileReference; fileEncoding = 4; lastKnownFileType = sourcecode.cpp.h; path = frame.hpp; sourceTree = "<group>"; };
		07E674661E2F0D560040ECD3 /* constants.hpp */ = {isa = PBXFileReference; fileEncoding = 4; lastKnownFileType = sourcecode.cpp.h; path = constants.hpp; sourceTree = "<group>"; };
		07E674681E2F0D560040ECD3 /* parser.hpp */ = {isa = PBXFileReference; fileEncoding = 4; lastKnownFileType = sourcecode.cpp.h; path = parser.hpp; sourceTree = "<group>"; };
		07E674691E2F0D560040ECD3 /* request.hpp */ = {isa = PBXFileReference; fileEncoding = 4; lastKnownFileType = sourcecode.cpp.h; path = request.hpp; sourceTree = "<group>"; };
		07E6746A1E2F0D560040ECD3 /* response.hpp */ = {isa = PBXFileReference; fileEncoding = 4; lastKnownFileType = sourcecode.cpp.h; path = response.hpp; sourceTree = "<group>"; };
		07E6746B1E2F0D560040ECD3 /* parser.hpp */ = {isa = PBXFileReference; fileEncoding = 4; lastKnownFileType = sourcecode.cpp.h; path = parser.hpp; sourceTree = "<group>"; };
		07E6746C1E2F0D560040ECD3 /* request.hpp */ = {isa = PBXFileReference; fileEncoding = 4; lastKnownFileType = sourcecode.cpp.h; path = request.hpp; sourceTree = "<group>"; };
		07E6746D1E2F0D560040ECD3 /* response.hpp */ = {isa = PBXFileReference; fileEncoding = 4; lastKnownFileType = sourcecode.cpp.h; path = response.hpp; sourceTree = "<group>"; };
		07E6746F1E2F0D560040ECD3 /* connection_impl.hpp */ = {isa = PBXFileReference; fileEncoding = 4; lastKnownFileType = sourcecode.cpp.h; path = connection_impl.hpp; sourceTree = "<group>"; };
		07E674701E2F0D560040ECD3 /* endpoint_impl.hpp */ = {isa = PBXFileReference; fileEncoding = 4; lastKnownFileType = sourcecode.cpp.h; path = endpoint_impl.hpp; sourceTree = "<group>"; };
		07E674711E2F0D560040ECD3 /* utilities_impl.hpp */ = {isa = PBXFileReference; fileEncoding = 4; lastKnownFileType = sourcecode.cpp.h; path = utilities_impl.hpp; sourceTree = "<group>"; };
		07E674731E2F0D560040ECD3 /* basic.hpp */ = {isa = PBXFileReference; fileEncoding = 4; lastKnownFileType = sourcecode.cpp.h; path = basic.hpp; sourceTree = "<group>"; };
		07E674741E2F0D560040ECD3 /* levels.hpp */ = {isa = PBXFileReference; fileEncoding = 4; lastKnownFileType = sourcecode.cpp.h; path = levels.hpp; sourceTree = "<group>"; };
		07E674751E2F0D560040ECD3 /* stub.hpp */ = {isa = PBXFileReference; fileEncoding = 4; lastKnownFileType = sourcecode.cpp.h; path = stub.hpp; sourceTree = "<group>"; };
		07E674761E2F0D560040ECD3 /* syslog.hpp */ = {isa = PBXFileReference; fileEncoding = 4; lastKnownFileType = sourcecode.cpp.h; path = syslog.hpp; sourceTree = "<group>"; };
		07E674781E2F0D560040ECD3 /* alloc.hpp */ = {isa = PBXFileReference; fileEncoding = 4; lastKnownFileType = sourcecode.cpp.h; path = alloc.hpp; sourceTree = "<group>"; };
		07E674791E2F0D560040ECD3 /* message.hpp */ = {isa = PBXFileReference; fileEncoding = 4; lastKnownFileType = sourcecode.cpp.h; path = message.hpp; sourceTree = "<group>"; };
		07E6747A1E2F0D560040ECD3 /* pool.hpp */ = {isa = PBXFileReference; fileEncoding = 4; lastKnownFileType = sourcecode.cpp.h; path = pool.hpp; sourceTree = "<group>"; };
		07E6747C1E2F0D560040ECD3 /* base.hpp */ = {isa = PBXFileReference; fileEncoding = 4; lastKnownFileType = sourcecode.cpp.h; path = base.hpp; sourceTree = "<group>"; };
		07E6747D1E2F0D560040ECD3 /* hybi00.hpp */ = {isa = PBXFileReference; fileEncoding = 4; lastKnownFileType = sourcecode.cpp.h; path = hybi00.hpp; sourceTree = "<group>"; };
		07E6747E1E2F0D560040ECD3 /* hybi07.hpp */ = {isa = PBXFileReference; fileEncoding = 4; lastKnownFileType = sourcecode.cpp.h; path = hybi07.hpp; sourceTree = "<group>"; };
		07E6747F1E2F0D560040ECD3 /* hybi08.hpp */ = {isa = PBXFileReference; fileEncoding = 4; lastKnownFileType = sourcecode.cpp.h; path = hybi08.hpp; sourceTree = "<group>"; };
		07E674801E2F0D560040ECD3 /* hybi13.hpp */ = {isa = PBXFileReference; fileEncoding = 4; lastKnownFileType = sourcecode.cpp.h; path = hybi13.hpp; sourceTree = "<group>"; };
		07E674811E2F0D560040ECD3 /* processor.hpp */ = {isa = PBXFileReference; fileEncoding = 4; lastKnownFileType = sourcecode.cpp.h; path = processor.hpp; sourceTree = "<group>"; };
		07E674831E2F0D560040ECD3 /* none.hpp */ = {isa = PBXFileReference; fileEncoding = 4; lastKnownFileType = sourcecode.cpp.h; path = none.hpp; sourceTree = "<group>"; };
		07E674841E2F0D560040ECD3 /* random_device.hpp */ = {isa = PBXFileReference; fileEncoding = 4; lastKnownFileType = sourcecode.cpp.h; path = random_device.hpp; sourceTree = "<group>"; };
		07E674861E2F0D560040ECD3 /* client_endpoint.hpp */ = {isa = PBXFileReference; fileEncoding = 4; lastKnownFileType = sourcecode.cpp.h; path = client_endpoint.hpp; sourceTree = "<group>"; };
		07E674871E2F0D560040ECD3 /* server_endpoint.hpp */ = {isa = PBXFileReference; fileEncoding = 4; lastKnownFileType = sourcecode.cpp.h; path = server_endpoint.hpp; sourceTree = "<group>"; };
		07E674881E2F0D560040ECD3 /* server.hpp */ = {isa = PBXFileReference; fileEncoding = 4; lastKnownFileType = sourcecode.cpp.h; path = server.hpp; sourceTree = "<group>"; };
		07E6748A1E2F0D560040ECD3 /* sha1.hpp */ = {isa = PBXFileReference; fileEncoding = 4; lastKnownFileType = sourcecode.cpp.h; path = sha1.hpp; sourceTree = "<group>"; };
		07E6748D1E2F0D560040ECD3 /* base.hpp */ = {isa = PBXFileReference; fileEncoding = 4; lastKnownFileType = sourcecode.cpp.h; path = base.hpp; sourceTree = "<group>"; };
		07E6748E1E2F0D560040ECD3 /* connection.hpp */ = {isa = PBXFileReference; fileEncoding = 4; lastKnownFileType = sourcecode.cpp.h; path = connection.hpp; sourceTree = "<group>"; };
		07E6748F1E2F0D560040ECD3 /* endpoint.hpp */ = {isa = PBXFileReference; fileEncoding = 4; lastKnownFileType = sourcecode.cpp.h; path = endpoint.hpp; sourceTree = "<group>"; };
		07E674911E2F0D560040ECD3 /* base.hpp */ = {isa = PBXFileReference; fileEncoding = 4; lastKnownFileType = sourcecode.cpp.h; path = base.hpp; sourceTree = "<group>"; };
		07E674921E2F0D560040ECD3 /* none.hpp */ = {isa = PBXFileReference; fileEncoding = 4; lastKnownFileType = sourcecode.cpp.h; path = none.hpp; sourceTree = "<group>"; };
		07E674931E2F0D560040ECD3 /* tls.hpp */ = {isa = PBXFileReference; fileEncoding = 4; lastKnownFileType = sourcecode.cpp.h; path = tls.hpp; sourceTree = "<group>"; };
		07E674951E2F0D560040ECD3 /* connection.hpp */ = {isa = PBXFileReference; fileEncoding = 4; lastKnownFileType = sourcecode.cpp.h; path = connection.hpp; sourceTree = "<group>"; };
		07E674961E2F0D560040ECD3 /* endpoint.hpp */ = {isa = PBXFileReference; fileEncoding = 4; lastKnownFileType = sourcecode.cpp.h; path = endpoint.hpp; sourceTree = "<group>"; };
		07E674981E2F0D560040ECD3 /* base.hpp */ = {isa = PBXFileReference; fileEncoding = 4; lastKnownFileType = sourcecode.cpp.h; path = base.hpp; sourceTree = "<group>"; };
		07E674991E2F0D560040ECD3 /* connection.hpp */ = {isa = PBXFileReference; fileEncoding = 4; lastKnownFileType = sourcecode.cpp.h; path = connection.hpp; sourceTree = "<group>"; };
		07E6749A1E2F0D560040ECD3 /* endpoint.hpp */ = {isa = PBXFileReference; fileEncoding = 4; lastKnownFileType = sourcecode.cpp.h; path = endpoint.hpp; sourceTree = "<group>"; };
		07E6749C1E2F0D560040ECD3 /* base.hpp */ = {isa = PBXFileReference; fileEncoding = 4; lastKnownFileType = sourcecode.cpp.h; path = base.hpp; sourceTree = "<group>"; };
		07E6749D1E2F0D560040ECD3 /* connection.hpp */ = {isa = PBXFileReference; fileEncoding = 4; lastKnownFileType = sourcecode.cpp.h; path = connection.hpp; sourceTree = "<group>"; };
		07E6749E1E2F0D560040ECD3 /* endpoint.hpp */ = {isa = PBXFileReference; fileEncoding = 4; lastKnownFileType = sourcecode.cpp.h; path = endpoint.hpp; sourceTree = "<group>"; };
		07E674A01E2F0D560040ECD3 /* base.hpp */ = {isa = PBXFileReference; fileEncoding = 4; lastKnownFileType = sourcecode.cpp.h; path = base.hpp; sourceTree = "<group>"; };
		07E674A11E2F0D560040ECD3 /* connection.hpp */ = {isa = PBXFileReference; fileEncoding = 4; lastKnownFileType = sourcecode.cpp.h; path = connection.hpp; sourceTree = "<group>"; };
		07E674A21E2F0D560040ECD3 /* endpoint.hpp */ = {isa = PBXFileReference; fileEncoding = 4; lastKnownFileType = sourcecode.cpp.h; path = endpoint.hpp; sourceTree = "<group>"; };
		07E674A31E2F0D560040ECD3 /* uri.hpp */ = {isa = PBXFileReference; fileEncoding = 4; lastKnownFileType = sourcecode.cpp.h; path = uri.hpp; sourceTree = "<group>"; };
		07E674A41E2F0D560040ECD3 /* utf8_validator.hpp */ = {isa = PBXFileReference; fileEncoding = 4; lastKnownFileType = sourcecode.cpp.h; path = utf8_validator.hpp; sourceTree = "<group>"; };
		07E674A51E2F0D560040ECD3 /* utilities.hpp */ = {isa = PBXFileReference; fileEncoding = 4; lastKnownFileType = sourcecode.cpp.h; path = utilities.hpp; sourceTree = "<group>"; };
		07E674A61E2F0D560040ECD3 /* version.hpp */ = {isa = PBXFileReference; fileEncoding = 4; lastKnownFileType = sourcecode.cpp.h; path = version.hpp; sourceTree = "<group>"; };
		07E674A71E2F0ECD0040ECD3 /* LanternServer.cpp */ = {isa = PBXFileReference; fileEncoding = 4; lastKnownFileType = sourcecode.cpp.cpp; path = LanternServer.cpp; sourceTree = "<group>"; };
		07E674A81E2F0ECD0040ECD3 /* LanternServer.hpp */ = {isa = PBXFileReference; fileEncoding = 4; lastKnownFileType = sourcecode.cpp.h; path = LanternServer.hpp; sourceTree = "<group>"; };
/* End PBXFileReference section */

/* Begin PBXFrameworksBuildPhase section */
		07E673EB1E2D63950040ECD3 /* Frameworks */ = {
			isa = PBXFrameworksBuildPhase;
			buildActionMask = 2147483647;
			files = (
			);
			runOnlyForDeploymentPostprocessing = 0;
		};
/* End PBXFrameworksBuildPhase section */

/* Begin PBXGroup section */
		074E3BF51E4A8E740077BF8D /* Effects */ = {
			isa = PBXGroup;
			children = (
				0789DE0F1E3817C6006F4C65 /* LanternEffect.cpp */,
				0789DE101E3817C6006F4C65 /* LanternEffect.hpp */,
				07E6742F1E2DD78F0040ECD3 /* RippleEffect.cpp */,
				07E674301E2DD78F0040ECD3 /* RippleEffect.hpp */,
				07E6742A1E2D7D690040ECD3 /* LampEffect.cpp */,
				07E6742B1E2D7D690040ECD3 /* LampEffect.hpp */,
				074E3BF61E4A8E9C0077BF8D /* DripEffect.cpp */,
				074E3BF71E4A8E9C0077BF8D /* DripEffect.hpp */,
				070495901E4D43EB00270BA9 /* EffectParameter.cpp */,
				070495911E4D43EB00270BA9 /* EffectParameter.hpp */,
				070495931E4D46B200270BA9 /* EffectRegistry.cpp */,
				070495941E4D46B200270BA9 /* EffectRegistry.hpp */,
			);
			name = Effects;
			sourceTree = "<group>";
		};
		07E673E51E2D63950040ECD3 = {
			isa = PBXGroup;
			children = (
				07E673F01E2D63950040ECD3 /* lantern-server */,
				07E673EF1E2D63950040ECD3 /* Products */,
			);
			sourceTree = "<group>";
		};
		07E673EF1E2D63950040ECD3 /* Products */ = {
			isa = PBXGroup;
			children = (
				07E673EE1E2D63950040ECD3 /* lantern-server */,
			);
			name = Products;
			sourceTree = "<group>";
		};
		07E673F01E2D63950040ECD3 /* lantern-server */ = {
			isa = PBXGroup;
			children = (
				07E674251E2D65B60040ECD3 /* layout.json */,
				07E674261E2D65B60040ECD3 /* make-layout.js */,
				07E674271E2D65B60040ECD3 /* Makefile */,
				07E673F81E2D63C10040ECD3 /* lib */,
				074E3BF51E4A8E740077BF8D /* Effects */,
				07E673F11E2D63950040ECD3 /* main.cpp */,
				07E6742D1E2D87320040ECD3 /* CheckerCubeIds.h */,
				07E6742E1E2D8DE80040ECD3 /* Mode.h */,
				07E674A71E2F0ECD0040ECD3 /* LanternServer.cpp */,
				07E674A81E2F0ECD0040ECD3 /* LanternServer.hpp */,
				0789DE0C1E3814A2006F4C65 /* LanternState.cpp */,
				0789DE0D1E3814A2006F4C65 /* LanternState.hpp */,
				0789DE121E395F82006F4C65 /* JsonConversions.cpp */,
				0789DE131E395F82006F4C65 /* JsonConversions.hpp */,
				07A97AED1E45305000034474 /* LanternMixer.cpp */,
				07A97AEE1E45305000034474 /* LanternMixer.hpp */,
			);
			name = "lantern-server";
			path = lantern;
			sourceTree = "<group>";
		};
		07E673F81E2D63C10040ECD3 /* lib */ = {
			isa = PBXGroup;
			children = (
				07E674321E2F0D560040ECD3 /* websocketpp */,
				07E673F91E2D63C10040ECD3 /* brightness.h */,
				07E673FA1E2D63C10040ECD3 /* color.h */,
				07E673FB1E2D63C10040ECD3 /* effect.h */,
				07E673FC1E2D63C10040ECD3 /* effect_mixer.h */,
				07E673FD1E2D63C10040ECD3 /* effect_runner.h */,
				07E673FE1E2D63C10040ECD3 /* nanoflann.h */,
				07E673FF1E2D63C10040ECD3 /* noise.h */,
				07E674001E2D63C10040ECD3 /* opc_client.h */,
				07E674011E2D63C10040ECD3 /* particle.h */,
				07E674021E2D63C10040ECD3 /* picopng.h */,
				07E674031E2D63C10040ECD3 /* rapidjson */,
				07E674101E2D63C10040ECD3 /* README.md */,
				07E674111E2D63C10040ECD3 /* svl */,
				07E674211E2D63C10040ECD3 /* texture.h */,
				07E674221E2D63C10040ECD3 /* tinythread.h */,
				0789DE151E396C58006F4C65 /* json.hpp */,
			);
			path = lib;
			sourceTree = SOURCE_ROOT;
		};
		07E674031E2D63C10040ECD3 /* rapidjson */ = {
			isa = PBXGroup;
			children = (
				07E674041E2D63C10040ECD3 /* document.h */,
				07E674051E2D63C10040ECD3 /* filestream.h */,
				07E674061E2D63C10040ECD3 /* internal */,
				07E6740A1E2D63C10040ECD3 /* prettywriter.h */,
				07E6740B1E2D63C10040ECD3 /* rapidjson.h */,
				07E6740C1E2D63C10040ECD3 /* reader.h */,
				07E6740D1E2D63C10040ECD3 /* README.md */,
				07E6740E1E2D63C10040ECD3 /* stringbuffer.h */,
				07E6740F1E2D63C10040ECD3 /* writer.h */,
			);
			path = rapidjson;
			sourceTree = "<group>";
		};
		07E674061E2D63C10040ECD3 /* internal */ = {
			isa = PBXGroup;
			children = (
				07E674071E2D63C10040ECD3 /* pow10.h */,
				07E674081E2D63C10040ECD3 /* stack.h */,
				07E674091E2D63C10040ECD3 /* strfunc.h */,
			);
			path = internal;
			sourceTree = "<group>";
		};
		07E674111E2D63C10040ECD3 /* svl */ = {
			isa = PBXGroup;
			children = (
				07E674121E2D63C10040ECD3 /* Basics.h */,
				07E674131E2D63C10040ECD3 /* Constants.h */,
				07E674141E2D63C10040ECD3 /* LICENSE */,
				07E674151E2D63C10040ECD3 /* Mat.h */,
				07E674161E2D63C10040ECD3 /* Mat2.h */,
				07E674171E2D63C10040ECD3 /* Mat3.h */,
				07E674181E2D63C10040ECD3 /* Mat4.h */,
				07E674191E2D63C10040ECD3 /* README */,
				07E6741A1E2D63C10040ECD3 /* SVL.h */,
				07E6741B1E2D63C10040ECD3 /* Transform.h */,
				07E6741C1E2D63C10040ECD3 /* Utils.h */,
				07E6741D1E2D63C10040ECD3 /* Vec.h */,
				07E6741E1E2D63C10040ECD3 /* Vec2.h */,
				07E6741F1E2D63C10040ECD3 /* Vec3.h */,
				07E674201E2D63C10040ECD3 /* Vec4.h */,
			);
			path = svl;
			sourceTree = "<group>";
		};
		07E674321E2F0D560040ECD3 /* websocketpp */ = {
			isa = PBXGroup;
			children = (
				07E674331E2F0D560040ECD3 /* base64 */,
				07E674351E2F0D560040ECD3 /* client.hpp */,
				07E674361E2F0D560040ECD3 /* close.hpp */,
				07E674371E2F0D560040ECD3 /* CMakeLists.txt */,
				07E674381E2F0D560040ECD3 /* common */,
				07E6744A1E2F0D560040ECD3 /* concurrency */,
				07E6744D1E2F0D560040ECD3 /* config */,
				07E6745A1E2F0D560040ECD3 /* connection.hpp */,
				07E6745B1E2F0D560040ECD3 /* connection_base.hpp */,
				07E6745C1E2F0D560040ECD3 /* endpoint.hpp */,
				07E6745D1E2F0D560040ECD3 /* endpoint_base.hpp */,
				07E6745E1E2F0D560040ECD3 /* error.hpp */,
				07E6745F1E2F0D560040ECD3 /* extensions */,
				07E674641E2F0D560040ECD3 /* frame.hpp */,
				07E674651E2F0D560040ECD3 /* http */,
				07E6746E1E2F0D560040ECD3 /* impl */,
				07E674721E2F0D560040ECD3 /* logger */,
				07E674771E2F0D560040ECD3 /* message_buffer */,
				07E6747B1E2F0D560040ECD3 /* processors */,
				07E674821E2F0D560040ECD3 /* random */,
				07E674851E2F0D560040ECD3 /* roles */,
				07E674881E2F0D560040ECD3 /* server.hpp */,
				07E674891E2F0D560040ECD3 /* sha1 */,
				07E6748B1E2F0D560040ECD3 /* transport */,
				07E674A31E2F0D560040ECD3 /* uri.hpp */,
				07E674A41E2F0D560040ECD3 /* utf8_validator.hpp */,
				07E674A51E2F0D560040ECD3 /* utilities.hpp */,
				07E674A61E2F0D560040ECD3 /* version.hpp */,
			);
			name = websocketpp;
			path = websocketpp/websocketpp;
			sourceTree = "<group>";
		};
		07E674331E2F0D560040ECD3 /* base64 */ = {
			isa = PBXGroup;
			children = (
				07E674341E2F0D560040ECD3 /* base64.hpp */,
			);
			path = base64;
			sourceTree = "<group>";
		};
		07E674381E2F0D560040ECD3 /* common */ = {
			isa = PBXGroup;
			children = (
				07E674391E2F0D560040ECD3 /* asio.hpp */,
				07E6743A1E2F0D560040ECD3 /* asio_ssl.hpp */,
				07E6743B1E2F0D560040ECD3 /* chrono.hpp */,
				07E6743C1E2F0D560040ECD3 /* connection_hdl.hpp */,
				07E6743D1E2F0D560040ECD3 /* cpp11.hpp */,
				07E6743E1E2F0D560040ECD3 /* functional.hpp */,
				07E6743F1E2F0D560040ECD3 /* md5.hpp */,
				07E674401E2F0D560040ECD3 /* memory.hpp */,
				07E674411E2F0D560040ECD3 /* network.hpp */,
				07E674421E2F0D560040ECD3 /* platforms.hpp */,
				07E674431E2F0D560040ECD3 /* random.hpp */,
				07E674441E2F0D560040ECD3 /* regex.hpp */,
				07E674451E2F0D560040ECD3 /* stdint.hpp */,
				07E674461E2F0D560040ECD3 /* system_error.hpp */,
				07E674471E2F0D560040ECD3 /* thread.hpp */,
				07E674481E2F0D560040ECD3 /* time.hpp */,
				07E674491E2F0D560040ECD3 /* type_traits.hpp */,
			);
			path = common;
			sourceTree = "<group>";
		};
		07E6744A1E2F0D560040ECD3 /* concurrency */ = {
			isa = PBXGroup;
			children = (
				07E6744B1E2F0D560040ECD3 /* basic.hpp */,
				07E6744C1E2F0D560040ECD3 /* none.hpp */,
			);
			path = concurrency;
			sourceTree = "<group>";
		};
		07E6744D1E2F0D560040ECD3 /* config */ = {
			isa = PBXGroup;
			children = (
				07E6744E1E2F0D560040ECD3 /* asio.hpp */,
				07E6744F1E2F0D560040ECD3 /* asio_client.hpp */,
				07E674501E2F0D560040ECD3 /* asio_no_tls.hpp */,
				07E674511E2F0D560040ECD3 /* asio_no_tls_client.hpp */,
				07E674521E2F0D560040ECD3 /* boost_config.hpp */,
				07E674531E2F0D560040ECD3 /* core.hpp */,
				07E674541E2F0D560040ECD3 /* core_client.hpp */,
				07E674551E2F0D560040ECD3 /* debug.hpp */,
				07E674561E2F0D560040ECD3 /* debug_asio.hpp */,
				07E674571E2F0D560040ECD3 /* debug_asio_no_tls.hpp */,
				07E674581E2F0D560040ECD3 /* minimal_client.hpp */,
				07E674591E2F0D560040ECD3 /* minimal_server.hpp */,
			);
			path = config;
			sourceTree = "<group>";
		};
		07E6745F1E2F0D560040ECD3 /* extensions */ = {
			isa = PBXGroup;
			children = (
				07E674601E2F0D560040ECD3 /* extension.hpp */,
				07E674611E2F0D560040ECD3 /* permessage_deflate */,
			);
			path = extensions;
			sourceTree = "<group>";
		};
		07E674611E2F0D560040ECD3 /* permessage_deflate */ = {
			isa = PBXGroup;
			children = (
				07E674621E2F0D560040ECD3 /* disabled.hpp */,
				07E674631E2F0D560040ECD3 /* enabled.hpp */,
			);
			path = permessage_deflate;
			sourceTree = "<group>";
		};
		07E674651E2F0D560040ECD3 /* http */ = {
			isa = PBXGroup;
			children = (
				07E674661E2F0D560040ECD3 /* constants.hpp */,
				07E674671E2F0D560040ECD3 /* impl */,
				07E6746B1E2F0D560040ECD3 /* parser.hpp */,
				07E6746C1E2F0D560040ECD3 /* request.hpp */,
				07E6746D1E2F0D560040ECD3 /* response.hpp */,
			);
			path = http;
			sourceTree = "<group>";
		};
		07E674671E2F0D560040ECD3 /* impl */ = {
			isa = PBXGroup;
			children = (
				07E674681E2F0D560040ECD3 /* parser.hpp */,
				07E674691E2F0D560040ECD3 /* request.hpp */,
				07E6746A1E2F0D560040ECD3 /* response.hpp */,
			);
			path = impl;
			sourceTree = "<group>";
		};
		07E6746E1E2F0D560040ECD3 /* impl */ = {
			isa = PBXGroup;
			children = (
				07E6746F1E2F0D560040ECD3 /* connection_impl.hpp */,
				07E674701E2F0D560040ECD3 /* endpoint_impl.hpp */,
				07E674711E2F0D560040ECD3 /* utilities_impl.hpp */,
			);
			path = impl;
			sourceTree = "<group>";
		};
		07E674721E2F0D560040ECD3 /* logger */ = {
			isa = PBXGroup;
			children = (
				07E674731E2F0D560040ECD3 /* basic.hpp */,
				07E674741E2F0D560040ECD3 /* levels.hpp */,
				07E674751E2F0D560040ECD3 /* stub.hpp */,
				07E674761E2F0D560040ECD3 /* syslog.hpp */,
			);
			path = logger;
			sourceTree = "<group>";
		};
		07E674771E2F0D560040ECD3 /* message_buffer */ = {
			isa = PBXGroup;
			children = (
				07E674781E2F0D560040ECD3 /* alloc.hpp */,
				07E674791E2F0D560040ECD3 /* message.hpp */,
				07E6747A1E2F0D560040ECD3 /* pool.hpp */,
			);
			path = message_buffer;
			sourceTree = "<group>";
		};
		07E6747B1E2F0D560040ECD3 /* processors */ = {
			isa = PBXGroup;
			children = (
				07E6747C1E2F0D560040ECD3 /* base.hpp */,
				07E6747D1E2F0D560040ECD3 /* hybi00.hpp */,
				07E6747E1E2F0D560040ECD3 /* hybi07.hpp */,
				07E6747F1E2F0D560040ECD3 /* hybi08.hpp */,
				07E674801E2F0D560040ECD3 /* hybi13.hpp */,
				07E674811E2F0D560040ECD3 /* processor.hpp */,
			);
			path = processors;
			sourceTree = "<group>";
		};
		07E674821E2F0D560040ECD3 /* random */ = {
			isa = PBXGroup;
			children = (
				07E674831E2F0D560040ECD3 /* none.hpp */,
				07E674841E2F0D560040ECD3 /* random_device.hpp */,
			);
			path = random;
			sourceTree = "<group>";
		};
		07E674851E2F0D560040ECD3 /* roles */ = {
			isa = PBXGroup;
			children = (
				07E674861E2F0D560040ECD3 /* client_endpoint.hpp */,
				07E674871E2F0D560040ECD3 /* server_endpoint.hpp */,
			);
			path = roles;
			sourceTree = "<group>";
		};
		07E674891E2F0D560040ECD3 /* sha1 */ = {
			isa = PBXGroup;
			children = (
				07E6748A1E2F0D560040ECD3 /* sha1.hpp */,
			);
			path = sha1;
			sourceTree = "<group>";
		};
		07E6748B1E2F0D560040ECD3 /* transport */ = {
			isa = PBXGroup;
			children = (
				07E6748C1E2F0D560040ECD3 /* asio */,
				07E674941E2F0D560040ECD3 /* base */,
				07E674971E2F0D560040ECD3 /* debug */,
				07E6749B1E2F0D560040ECD3 /* iostream */,
				07E6749F1E2F0D560040ECD3 /* stub */,
			);
			path = transport;
			sourceTree = "<group>";
		};
		07E6748C1E2F0D560040ECD3 /* asio */ = {
			isa = PBXGroup;
			children = (
				07E6748D1E2F0D560040ECD3 /* base.hpp */,
				07E6748E1E2F0D560040ECD3 /* connection.hpp */,
				07E6748F1E2F0D560040ECD3 /* endpoint.hpp */,
				07E674901E2F0D560040ECD3 /* security */,
			);
			path = asio;
			sourceTree = "<group>";
		};
		07E674901E2F0D560040ECD3 /* security */ = {
			isa = PBXGroup;
			children = (
				07E674911E2F0D560040ECD3 /* base.hpp */,
				07E674921E2F0D560040ECD3 /* none.hpp */,
				07E674931E2F0D560040ECD3 /* tls.hpp */,
			);
			path = security;
			sourceTree = "<group>";
		};
		07E674941E2F0D560040ECD3 /* base */ = {
			isa = PBXGroup;
			children = (
				07E674951E2F0D560040ECD3 /* connection.hpp */,
				07E674961E2F0D560040ECD3 /* endpoint.hpp */,
			);
			path = base;
			sourceTree = "<group>";
		};
		07E674971E2F0D560040ECD3 /* debug */ = {
			isa = PBXGroup;
			children = (
				07E674981E2F0D560040ECD3 /* base.hpp */,
				07E674991E2F0D560040ECD3 /* connection.hpp */,
				07E6749A1E2F0D560040ECD3 /* endpoint.hpp */,
			);
			path = debug;
			sourceTree = "<group>";
		};
		07E6749B1E2F0D560040ECD3 /* iostream */ = {
			isa = PBXGroup;
			children = (
				07E6749C1E2F0D560040ECD3 /* base.hpp */,
				07E6749D1E2F0D560040ECD3 /* connection.hpp */,
				07E6749E1E2F0D560040ECD3 /* endpoint.hpp */,
			);
			path = iostream;
			sourceTree = "<group>";
		};
		07E6749F1E2F0D560040ECD3 /* stub */ = {
			isa = PBXGroup;
			children = (
				07E674A01E2F0D560040ECD3 /* base.hpp */,
				07E674A11E2F0D560040ECD3 /* connection.hpp */,
				07E674A21E2F0D560040ECD3 /* endpoint.hpp */,
			);
			path = stub;
			sourceTree = "<group>";
		};
/* End PBXGroup section */

/* Begin PBXNativeTarget section */
		07E673ED1E2D63950040ECD3 /* lantern-server */ = {
			isa = PBXNativeTarget;
			buildConfigurationList = 07E673F51E2D63950040ECD3 /* Build configuration list for PBXNativeTarget "lantern-server" */;
			buildPhases = (
				07E673EA1E2D63950040ECD3 /* Sources */,
				07E673EB1E2D63950040ECD3 /* Frameworks */,
				07E673EC1E2D63950040ECD3 /* CopyFiles */,
			);
			buildRules = (
			);
			dependencies = (
			);
			name = "lantern-server";
			productName = lantern;
			productReference = 07E673EE1E2D63950040ECD3 /* lantern-server */;
			productType = "com.apple.product-type.tool";
		};
/* End PBXNativeTarget section */

/* Begin PBXProject section */
		07E673E61E2D63950040ECD3 /* Project object */ = {
			isa = PBXProject;
			attributes = {
				LastUpgradeCheck = 0820;
				ORGANIZATIONNAME = "patternleaf LLC";
				TargetAttributes = {
					07E673ED1E2D63950040ECD3 = {
						CreatedOnToolsVersion = 8.2.1;
						DevelopmentTeam = 78M52WT8Z9;
						ProvisioningStyle = Automatic;
					};
				};
			};
			buildConfigurationList = 07E673E91E2D63950040ECD3 /* Build configuration list for PBXProject "lantern" */;
			compatibilityVersion = "Xcode 3.2";
			developmentRegion = English;
			hasScannedForEncodings = 0;
			knownRegions = (
				en,
			);
			mainGroup = 07E673E51E2D63950040ECD3;
			productRefGroup = 07E673EF1E2D63950040ECD3 /* Products */;
			projectDirPath = "";
			projectRoot = "";
			targets = (
				07E673ED1E2D63950040ECD3 /* lantern-server */,
			);
		};
/* End PBXProject section */

/* Begin PBXSourcesBuildPhase section */
		07E673EA1E2D63950040ECD3 /* Sources */ = {
			isa = PBXSourcesBuildPhase;
			buildActionMask = 2147483647;
			files = (
				07E674241E2D63C10040ECD3 /* README.md in Sources */,
				07E674A91E2F0ECD0040ECD3 /* LanternServer.cpp in Sources */,
				07E674231E2D63C10040ECD3 /* README.md in Sources */,
				070495921E4D43EB00270BA9 /* EffectParameter.cpp in Sources */,
				07E674311E2DD78F0040ECD3 /* RippleEffect.cpp in Sources */,
				07E6742C1E2D7D690040ECD3 /* LampEffect.cpp in Sources */,
				07E674281E2D65B60040ECD3 /* Makefile in Sources */,
				07A97AEF1E45305000034474 /* LanternMixer.cpp in Sources */,
				074E3BF81E4A8E9C0077BF8D /* DripEffect.cpp in Sources */,
				0789DE0E1E3814A2006F4C65 /* LanternState.cpp in Sources */,
				07E673F21E2D63950040ECD3 /* main.cpp in Sources */,
				070495951E4D46B200270BA9 /* EffectRegistry.cpp in Sources */,
				0789DE111E3817C6006F4C65 /* LanternEffect.cpp in Sources */,
				0789DE141E395F82006F4C65 /* JsonConversions.cpp in Sources */,
			);
			runOnlyForDeploymentPostprocessing = 0;
		};
/* End PBXSourcesBuildPhase section */

/* Begin XCBuildConfiguration section */
		07E673F31E2D63950040ECD3 /* Debug */ = {
			isa = XCBuildConfiguration;
			buildSettings = {
				ALWAYS_SEARCH_USER_PATHS = NO;
				CLANG_ANALYZER_NONNULL = YES;
				CLANG_CXX_LANGUAGE_STANDARD = "gnu++0x";
				CLANG_CXX_LIBRARY = "libc++";
				CLANG_ENABLE_MODULES = YES;
				CLANG_ENABLE_OBJC_ARC = YES;
				CLANG_WARN_BOOL_CONVERSION = YES;
				CLANG_WARN_CONSTANT_CONVERSION = YES;
				CLANG_WARN_DIRECT_OBJC_ISA_USAGE = YES_ERROR;
				CLANG_WARN_DOCUMENTATION_COMMENTS = YES;
				CLANG_WARN_EMPTY_BODY = YES;
				CLANG_WARN_ENUM_CONVERSION = YES;
				CLANG_WARN_INFINITE_RECURSION = YES;
				CLANG_WARN_INT_CONVERSION = YES;
				CLANG_WARN_OBJC_ROOT_CLASS = YES_ERROR;
				CLANG_WARN_SUSPICIOUS_MOVE = YES;
				CLANG_WARN_UNREACHABLE_CODE = YES;
				CLANG_WARN__DUPLICATE_METHOD_MATCH = YES;
				CODE_SIGN_IDENTITY = "-";
				COPY_PHASE_STRIP = NO;
				DEBUG_INFORMATION_FORMAT = dwarf;
				ENABLE_STRICT_OBJC_MSGSEND = YES;
				ENABLE_TESTABILITY = YES;
				GCC_C_LANGUAGE_STANDARD = gnu99;
				GCC_DYNAMIC_NO_PIC = NO;
				GCC_NO_COMMON_BLOCKS = YES;
				GCC_OPTIMIZATION_LEVEL = 0;
				GCC_PREPROCESSOR_DEFINITIONS = (
					"DEBUG=1",
					"$(inherited)",
				);
				GCC_WARN_64_TO_32_BIT_CONVERSION = YES;
				GCC_WARN_ABOUT_RETURN_TYPE = YES_ERROR;
				GCC_WARN_UNDECLARED_SELECTOR = YES;
				GCC_WARN_UNINITIALIZED_AUTOS = YES_AGGRESSIVE;
				GCC_WARN_UNUSED_FUNCTION = YES;
				GCC_WARN_UNUSED_VARIABLE = YES;
				MACOSX_DEPLOYMENT_TARGET = 10.11;
				MTL_ENABLE_DEBUG_INFO = YES;
				ONLY_ACTIVE_ARCH = YES;
				SDKROOT = macosx;
			};
			name = Debug;
		};
		07E673F41E2D63950040ECD3 /* Release */ = {
			isa = XCBuildConfiguration;
			buildSettings = {
				ALWAYS_SEARCH_USER_PATHS = NO;
				CLANG_ANALYZER_NONNULL = YES;
				CLANG_CXX_LANGUAGE_STANDARD = "gnu++0x";
				CLANG_CXX_LIBRARY = "libc++";
				CLANG_ENABLE_MODULES = YES;
				CLANG_ENABLE_OBJC_ARC = YES;
				CLANG_WARN_BOOL_CONVERSION = YES;
				CLANG_WARN_CONSTANT_CONVERSION = YES;
				CLANG_WARN_DIRECT_OBJC_ISA_USAGE = YES_ERROR;
				CLANG_WARN_DOCUMENTATION_COMMENTS = YES;
				CLANG_WARN_EMPTY_BODY = YES;
				CLANG_WARN_ENUM_CONVERSION = YES;
				CLANG_WARN_INFINITE_RECURSION = YES;
				CLANG_WARN_INT_CONVERSION = YES;
				CLANG_WARN_OBJC_ROOT_CLASS = YES_ERROR;
				CLANG_WARN_SUSPICIOUS_MOVE = YES;
				CLANG_WARN_UNREACHABLE_CODE = YES;
				CLANG_WARN__DUPLICATE_METHOD_MATCH = YES;
				CODE_SIGN_IDENTITY = "-";
				COPY_PHASE_STRIP = NO;
				DEBUG_INFORMATION_FORMAT = "dwarf-with-dsym";
				ENABLE_NS_ASSERTIONS = NO;
				ENABLE_STRICT_OBJC_MSGSEND = YES;
				GCC_C_LANGUAGE_STANDARD = gnu99;
				GCC_NO_COMMON_BLOCKS = YES;
				GCC_WARN_64_TO_32_BIT_CONVERSION = YES;
				GCC_WARN_ABOUT_RETURN_TYPE = YES_ERROR;
				GCC_WARN_UNDECLARED_SELECTOR = YES;
				GCC_WARN_UNINITIALIZED_AUTOS = YES_AGGRESSIVE;
				GCC_WARN_UNUSED_FUNCTION = YES;
				GCC_WARN_UNUSED_VARIABLE = YES;
				MACOSX_DEPLOYMENT_TARGET = 10.11;
				MTL_ENABLE_DEBUG_INFO = NO;
				SDKROOT = macosx;
			};
			name = Release;
		};
		07E673F61E2D63950040ECD3 /* Debug */ = {
			isa = XCBuildConfiguration;
			buildSettings = {
				ALWAYS_SEARCH_USER_PATHS = NO;
				DEVELOPMENT_TEAM = 78M52WT8Z9;
				HEADER_SEARCH_PATHS = (
					.,
					./lib/websocketpp,
					./lib,
					/usr/local/include,
					/usr/local/opt/openssl/include/,
				);
				LIBRARY_SEARCH_PATHS = (
					/usr/local/opt/openssl/lib/,
					/usr/local/lib/,
				);
				OTHER_CPLUSPLUSFLAGS = "$(OTHER_CFLAGS)";
				OTHER_LDFLAGS = (
					"-lssl",
					"-lcrypto",
					"-lboost_system",
				);
				PRODUCT_NAME = "$(TARGET_NAME)";
				USER_HEADER_SEARCH_PATHS = "";
			};
			name = Debug;
		};
		07E673F71E2D63950040ECD3 /* Release */ = {
			isa = XCBuildConfiguration;
			buildSettings = {
				ALWAYS_SEARCH_USER_PATHS = NO;
				DEVELOPMENT_TEAM = 78M52WT8Z9;
				HEADER_SEARCH_PATHS = (
					.,
					./lib/websocketpp,
					./lib,
					/usr/local/include,
					/usr/local/opt/openssl/include/,
				);
				LIBRARY_SEARCH_PATHS = (
					/usr/local/opt/openssl/lib/,
					/usr/local/lib/,
				);
				OTHER_CPLUSPLUSFLAGS = "$(OTHER_CFLAGS)";
				OTHER_LDFLAGS = (
					"-lssl",
					"-lcrypto",
					"-lboost_system",
				);
				PRODUCT_NAME = "$(TARGET_NAME)";
				USER_HEADER_SEARCH_PATHS = "";
			};
			name = Release;
		};
/* End XCBuildConfiguration section */

/* Begin XCConfigurationList section */
		07E673E91E2D63950040ECD3 /* Build configuration list for PBXProject "lantern" */ = {
			isa = XCConfigurationList;
			buildConfigurations = (
				07E673F31E2D63950040ECD3 /* Debug */,
				07E673F41E2D63950040ECD3 /* Release */,
			);
			defaultConfigurationIsVisible = 0;
			defaultConfigurationName = Release;
		};
		07E673F51E2D63950040ECD3 /* Build configuration list for PBXNativeTarget "lantern-server" */ = {
			isa = XCConfigurationList;
			buildConfigurations = (
				07E673F61E2D63950040ECD3 /* Debug */,
				07E673F71E2D63950040ECD3 /* Release */,
			);
			defaultConfigurationIsVisible = 0;
			defaultConfigurationName = Release;
		};
/* End XCConfigurationList section */
	};
	rootObject = 07E673E61E2D63950040ECD3 /* Project object */;
}
